
Microsoft Visual Studio Solution File, Format Version 12.00
# Visual Studio Version 17
VisualStudioVersion = 17.9.34728.123
MinimumVisualStudioVersion = 10.0.40219.1
Project("{2150E333-8FDC-42A3-9474-1A3956D46DE8}") = "DirectExchange", "DirectExchange", "{27EBD696-BBB6-4A5D-9ADF-34AFB7F6A20A}"
EndProject
Project("{FAE04EC0-301F-11D3-BF4B-00C04F79EFBC}") = "DirectExchange.Producer", "DirectExchange.Producer\DirectExchange.Producer.csproj", "{026E3AEE-3D5D-414A-9139-FA824438867C}"
EndProject
Project("{FAE04EC0-301F-11D3-BF4B-00C04F79EFBC}") = "DirectExchange.Consumer", "DirectExchange.Consumer\DirectExchange.Consumer.csproj", "{5CA9CEE7-A7EF-474C-89DD-3D1A70B88DEB}"
EndProject
Global
	GlobalSection(SolutionConfigurationPlatforms) = preSolution
		Debug|Any CPU = Debug|Any CPU
		Release|Any CPU = Release|Any CPU
	EndGlobalSection
	GlobalSection(ProjectConfigurationPlatforms) = postSolution
		{026E3AEE-3D5D-414A-9139-FA824438867C}.Debug|Any CPU.ActiveCfg = Debug|Any CPU
		{026E3AEE-3D5D-414A-9139-FA824438867C}.Debug|Any CPU.Build.0 = Debug|Any CPU
		{026E3AEE-3D5D-414A-9139-FA824438867C}.Release|Any CPU.ActiveCfg = Release|Any CPU
		{026E3AEE-3D5D-414A-9139-FA824438867C}.Release|Any CPU.Build.0 = Release|Any CPU
		{5CA9CEE7-A7EF-474C-89DD-3D1A70B88DEB}.Debug|Any CPU.ActiveCfg = Debug|Any CPU
		{5CA9CEE7-A7EF-474C-89DD-3D1A70B88DEB}.Debug|Any CPU.Build.0 = Debug|Any CPU
		{5CA9CEE7-A7EF-474C-89DD-3D1A70B88DEB}.Release|Any CPU.ActiveCfg = Release|Any CPU
		{5CA9CEE7-A7EF-474C-89DD-3D1A70B88DEB}.Release|Any CPU.Build.0 = Release|Any CPU
	EndGlobalSection
	GlobalSection(SolutionProperties) = preSolution
		HideSolutionNode = FALSE
	EndGlobalSection
	GlobalSection(NestedProjects) = preSolution
		{026E3AEE-3D5D-414A-9139-FA824438867C} = {27EBD696-BBB6-4A5D-9ADF-34AFB7F6A20A}
		{5CA9CEE7-A7EF-474C-89DD-3D1A70B88DEB} = {27EBD696-BBB6-4A5D-9ADF-34AFB7F6A20A}
	EndGlobalSection
	GlobalSection(ExtensibilityGlobals) = postSolution
		SolutionGuid = {CAEE88F6-5D5E-442F-BDB8-DE558AA9D5F2}
	EndGlobalSection
EndGlobal
